
Microsoft Visual Studio Solution File, Format Version 12.00
# Visual Studio Version 17
VisualStudioVersion = 17.7.34202.233
MinimumVisualStudioVersion = 10.0.40219.1
Project("{9A19103F-16F7-4668-BE54-9A1E7A4F7556}") = "Ewamall.Business", "Ewamall.Domain\Ewamall.Business.csproj", "{0C33420B-8D2F-4B1D-903C-980849304F06}"
EndProject
Project("{9A19103F-16F7-4668-BE54-9A1E7A4F7556}") = "Ewamall.DataAccess", "Ewamall.Infrastructure\Ewamall.DataAccess.csproj", "{4A88E9B9-DA1F-4E1B-8A26-2C3DE81EF024}"
EndProject
Project("{9A19103F-16F7-4668-BE54-9A1E7A4F7556}") = "Ewamall.WebAPI", "Ewamall.WebAPI\Ewamall.WebAPI.csproj", "{48DDF394-1364-4B06-8254-2922AA96DB2F}"
EndProject
Global
	GlobalSection(SolutionConfigurationPlatforms) = preSolution
		Debug|Any CPU = Debug|Any CPU
		Release|Any CPU = Release|Any CPU
	EndGlobalSection
	GlobalSection(ProjectConfigurationPlatforms) = postSolution
		{0C33420B-8D2F-4B1D-903C-980849304F06}.Debug|Any CPU.ActiveCfg = Debug|Any CPU
		{0C33420B-8D2F-4B1D-903C-980849304F06}.Debug|Any CPU.Build.0 = Debug|Any CPU
		{0C33420B-8D2F-4B1D-903C-980849304F06}.Release|Any CPU.ActiveCfg = Release|Any CPU
		{0C33420B-8D2F-4B1D-903C-980849304F06}.Release|Any CPU.Build.0 = Release|Any CPU
		{4A88E9B9-DA1F-4E1B-8A26-2C3DE81EF024}.Debug|Any CPU.ActiveCfg = Debug|Any CPU
		{4A88E9B9-DA1F-4E1B-8A26-2C3DE81EF024}.Debug|Any CPU.Build.0 = Debug|Any CPU
		{4A88E9B9-DA1F-4E1B-8A26-2C3DE81EF024}.Release|Any CPU.ActiveCfg = Release|Any CPU
		{4A88E9B9-DA1F-4E1B-8A26-2C3DE81EF024}.Release|Any CPU.Build.0 = Release|Any CPU
		{48DDF394-1364-4B06-8254-2922AA96DB2F}.Debug|Any CPU.ActiveCfg = Debug|Any CPU
		{48DDF394-1364-4B06-8254-2922AA96DB2F}.Debug|Any CPU.Build.0 = Debug|Any CPU
		{48DDF394-1364-4B06-8254-2922AA96DB2F}.Release|Any CPU.ActiveCfg = Release|Any CPU
		{48DDF394-1364-4B06-8254-2922AA96DB2F}.Release|Any CPU.Build.0 = Release|Any CPU
	EndGlobalSection
	GlobalSection(SolutionProperties) = preSolution
		HideSolutionNode = FALSE
	EndGlobalSection
	GlobalSection(ExtensibilityGlobals) = postSolution
		SolutionGuid = {FAD75EDB-E7F1-4B7E-A36C-3A3CFBFB3F1B}
	EndGlobalSection
EndGlobal
